# THIS IS AN AUTOGENERATED FILE. DO NOT EDIT THIS FILE DIRECTLY.
# yarn lockfile v1


"@ampproject/remapping@^2.1.0":
  "integrity" "sha512-hoyByceqwKirw7w3Z7gnIIZC3Wx3J484Y3L/cMpXFbr7d9ZQj2mODrirNzcJa+SM3UlpWXYvKV4RlRpFXlWgXg=="
  "resolved" "https://registry.npmjs.org/@ampproject/remapping/-/remapping-2.1.2.tgz"
  "version" "2.1.2"
  dependencies:
    "@jridgewell/trace-mapping" "^0.3.0"

"@babel/code-frame@^7.16.7":
  "integrity" "sha512-iAXqUn8IIeBTNd72xsFlgaXHkMBMt6y4HJp1tIaK465CWLT/fG1aqB7ykr95gHHmlBdGbFeWWfyB4NJJ0nmeIg=="
  "resolved" "https://registry.npmjs.org/@babel/code-frame/-/code-frame-7.16.7.tgz"
  "version" "7.16.7"
  dependencies:
    "@babel/highlight" "^7.16.7"

"@babel/compat-data@^7.17.7":
  "integrity" "sha512-p8pdE6j0a29TNGebNm7NzYZWB3xVZJBZ7XGs42uAKzQo8VQ3F0By/cQCtUEABwIqw5zo6WA4NbmxsfzADzMKnQ=="
  "resolved" "https://registry.npmjs.org/@babel/compat-data/-/compat-data-7.17.7.tgz"
  "version" "7.17.7"

"@babel/core@^7.0.0", "@babel/core@^7.0.0-0", "@babel/core@^7.16.12":
  "integrity" "sha512-OdQDV/7cRBtJHLSOBqqbYNkOcydOgnX59TZx4puf41fzcVtN3e/4yqY8lMQsK+5X2lJtAdmA+6OHqsj1hBJ4IQ=="
  "resolved" "https://registry.npmjs.org/@babel/core/-/core-7.17.8.tgz"
  "version" "7.17.8"
  dependencies:
    "@ampproject/remapping" "^2.1.0"
    "@babel/code-frame" "^7.16.7"
    "@babel/generator" "^7.17.7"
    "@babel/helper-compilation-targets" "^7.17.7"
    "@babel/helper-module-transforms" "^7.17.7"
    "@babel/helpers" "^7.17.8"
    "@babel/parser" "^7.17.8"
    "@babel/template" "^7.16.7"
    "@babel/traverse" "^7.17.3"
    "@babel/types" "^7.17.0"
    "convert-source-map" "^1.7.0"
    "debug" "^4.1.0"
    "gensync" "^1.0.0-beta.2"
    "json5" "^2.1.2"
    "semver" "^6.3.0"

"@babel/generator@^7.17.3", "@babel/generator@^7.17.7":
  "integrity" "sha512-oLcVCTeIFadUoArDTwpluncplrYBmTCCZZgXCbgNGvOBBiSDDK3eWO4b/+eOTli5tKv1lg+a5/NAXg+nTcei1w=="
  "resolved" "https://registry.npmjs.org/@babel/generator/-/generator-7.17.7.tgz"
  "version" "7.17.7"
  dependencies:
    "@babel/types" "^7.17.0"
    "jsesc" "^2.5.1"
    "source-map" "^0.5.0"

"@babel/helper-annotate-as-pure@^7.16.7":
  "integrity" "sha512-s6t2w/IPQVTAET1HitoowRGXooX8mCgtuP5195wD/QJPV6wYjpujCGF7JuMODVX2ZAJOf1GT6DT9MHEZvLOFSw=="
  "resolved" "https://registry.npmjs.org/@babel/helper-annotate-as-pure/-/helper-annotate-as-pure-7.16.7.tgz"
  "version" "7.16.7"
  dependencies:
    "@babel/types" "^7.16.7"

"@babel/helper-compilation-targets@^7.17.7":
  "integrity" "sha512-UFzlz2jjd8kroj0hmCFV5zr+tQPi1dpC2cRsDV/3IEW8bJfCPrPpmcSN6ZS8RqIq4LXcmpipCQFPddyFA5Yc7w=="
  "resolved" "https://registry.npmjs.org/@babel/helper-compilation-targets/-/helper-compilation-targets-7.17.7.tgz"
  "version" "7.17.7"
  dependencies:
    "@babel/compat-data" "^7.17.7"
    "@babel/helper-validator-option" "^7.16.7"
    "browserslist" "^4.17.5"
    "semver" "^6.3.0"

"@babel/helper-environment-visitor@^7.16.7":
  "integrity" "sha512-SLLb0AAn6PkUeAfKJCCOl9e1R53pQlGAfc4y4XuMRZfqeMYLE0dM1LMhqbGAlGQY0lfw5/ohoYWAe9V1yibRag=="
  "resolved" "https://registry.npmjs.org/@babel/helper-environment-visitor/-/helper-environment-visitor-7.16.7.tgz"
  "version" "7.16.7"
  dependencies:
    "@babel/types" "^7.16.7"

"@babel/helper-function-name@^7.16.7":
  "integrity" "sha512-QfDfEnIUyyBSR3HtrtGECuZ6DAyCkYFp7GHl75vFtTnn6pjKeK0T1DB5lLkFvBea8MdaiUABx3osbgLyInoejA=="
  "resolved" "https://registry.npmjs.org/@babel/helper-function-name/-/helper-function-name-7.16.7.tgz"
  "version" "7.16.7"
  dependencies:
    "@babel/helper-get-function-arity" "^7.16.7"
    "@babel/template" "^7.16.7"
    "@babel/types" "^7.16.7"

"@babel/helper-get-function-arity@^7.16.7":
  "integrity" "sha512-flc+RLSOBXzNzVhcLu6ujeHUrD6tANAOU5ojrRx/as+tbzf8+stUCj7+IfRRoAbEZqj/ahXEMsjhOhgeZsrnTw=="
  "resolved" "https://registry.npmjs.org/@babel/helper-get-function-arity/-/helper-get-function-arity-7.16.7.tgz"
  "version" "7.16.7"
  dependencies:
    "@babel/types" "^7.16.7"

"@babel/helper-hoist-variables@^7.16.7":
  "integrity" "sha512-m04d/0Op34H5v7pbZw6pSKP7weA6lsMvfiIAMeIvkY/R4xQtBSMFEigu9QTZ2qB/9l22vsxtM8a+Q8CzD255fg=="
  "resolved" "https://registry.npmjs.org/@babel/helper-hoist-variables/-/helper-hoist-variables-7.16.7.tgz"
  "version" "7.16.7"
  dependencies:
    "@babel/types" "^7.16.7"

"@babel/helper-module-imports@^7.16.7":
  "integrity" "sha512-LVtS6TqjJHFc+nYeITRo6VLXve70xmq7wPhWTqDJusJEgGmkAACWwMiTNrvfoQo6hEhFwAIixNkvB0jPXDL8Wg=="
  "resolved" "https://registry.npmjs.org/@babel/helper-module-imports/-/helper-module-imports-7.16.7.tgz"
  "version" "7.16.7"
  dependencies:
    "@babel/types" "^7.16.7"

"@babel/helper-module-transforms@^7.17.7":
  "integrity" "sha512-VmZD99F3gNTYB7fJRDTi+u6l/zxY0BE6OIxPSU7a50s6ZUQkHwSDmV92FfM+oCG0pZRVojGYhkR8I0OGeCVREw=="
  "resolved" "https://registry.npmjs.org/@babel/helper-module-transforms/-/helper-module-transforms-7.17.7.tgz"
  "version" "7.17.7"
  dependencies:
    "@babel/helper-environment-visitor" "^7.16.7"
    "@babel/helper-module-imports" "^7.16.7"
    "@babel/helper-simple-access" "^7.17.7"
    "@babel/helper-split-export-declaration" "^7.16.7"
    "@babel/helper-validator-identifier" "^7.16.7"
    "@babel/template" "^7.16.7"
    "@babel/traverse" "^7.17.3"
    "@babel/types" "^7.17.0"

"@babel/helper-plugin-utils@^7.16.7":
  "integrity" "sha512-Qg3Nk7ZxpgMrsox6HreY1ZNKdBq7K72tDSliA6dCl5f007jR4ne8iD5UzuNnCJH2xBf2BEEVGr+/OL6Gdp7RxA=="
  "resolved" "https://registry.npmjs.org/@babel/helper-plugin-utils/-/helper-plugin-utils-7.16.7.tgz"
  "version" "7.16.7"

"@babel/helper-simple-access@^7.17.7":
  "integrity" "sha512-txyMCGroZ96i+Pxr3Je3lzEJjqwaRC9buMUgtomcrLe5Nd0+fk1h0LLA+ixUF5OW7AhHuQ7Es1WcQJZmZsz2XA=="
  "resolved" "https://registry.npmjs.org/@babel/helper-simple-access/-/helper-simple-access-7.17.7.tgz"
  "version" "7.17.7"
  dependencies:
    "@babel/types" "^7.17.0"

"@babel/helper-split-export-declaration@^7.16.7":
  "integrity" "sha512-xbWoy/PFoxSWazIToT9Sif+jJTlrMcndIsaOKvTA6u7QEo7ilkRZpjew18/W3c7nm8fXdUDXh02VXTbZ0pGDNw=="
  "resolved" "https://registry.npmjs.org/@babel/helper-split-export-declaration/-/helper-split-export-declaration-7.16.7.tgz"
  "version" "7.16.7"
  dependencies:
    "@babel/types" "^7.16.7"

"@babel/helper-validator-identifier@^7.16.7":
  "integrity" "sha512-hsEnFemeiW4D08A5gUAZxLBTXpZ39P+a+DGDsHw1yxqyQ/jzFEnxf5uTEGp+3bzAbNOxU1paTgYS4ECU/IgfDw=="
  "resolved" "https://registry.npmjs.org/@babel/helper-validator-identifier/-/helper-validator-identifier-7.16.7.tgz"
  "version" "7.16.7"

"@babel/helper-validator-option@^7.16.7":
  "integrity" "sha512-TRtenOuRUVo9oIQGPC5G9DgK4743cdxvtOw0weQNpZXaS16SCBi5MNjZF8vba3ETURjZpTbVn7Vvcf2eAwFozQ=="
  "resolved" "https://registry.npmjs.org/@babel/helper-validator-option/-/helper-validator-option-7.16.7.tgz"
  "version" "7.16.7"

"@babel/helpers@^7.17.8":
  "integrity" "sha512-QcL86FGxpfSJwGtAvv4iG93UL6bmqBdmoVY0CMCU2g+oD2ezQse3PT5Pa+jiD6LJndBQi0EDlpzOWNlLuhz5gw=="
  "resolved" "https://registry.npmjs.org/@babel/helpers/-/helpers-7.17.8.tgz"
  "version" "7.17.8"
  dependencies:
    "@babel/template" "^7.16.7"
    "@babel/traverse" "^7.17.3"
    "@babel/types" "^7.17.0"

"@babel/highlight@^7.16.7":
  "integrity" "sha512-5FnTQLSLswEj6IkgVw5KusNUUFY9ZGqe/TRFnP/BKYHYgfh7tc+C7mwiy95/yNP7Dh9x580Vv8r7u7ZfTBFxdw=="
  "resolved" "https://registry.npmjs.org/@babel/highlight/-/highlight-7.16.10.tgz"
  "version" "7.16.10"
  dependencies:
    "@babel/helper-validator-identifier" "^7.16.7"
    "chalk" "^2.0.0"
    "js-tokens" "^4.0.0"

"@babel/parser@^7.16.7", "@babel/parser@^7.17.3", "@babel/parser@^7.17.8":
  "integrity" "sha512-BoHhDJrJXqcg+ZL16Xv39H9n+AqJ4pcDrQBGZN+wHxIysrLZ3/ECwCBUch/1zUNhnsXULcONU3Ei5Hmkfk6kiQ=="
  "resolved" "https://registry.npmjs.org/@babel/parser/-/parser-7.17.8.tgz"
  "version" "7.17.8"

"@babel/plugin-syntax-jsx@^7.16.7":
  "integrity" "sha512-Esxmk7YjA8QysKeT3VhTXvF6y77f/a91SIs4pWb4H2eWGQkCKFgQaG6hdoEVZtGsrAcb2K5BW66XsOErD4WU3Q=="
  "resolved" "https://registry.npmjs.org/@babel/plugin-syntax-jsx/-/plugin-syntax-jsx-7.16.7.tgz"
  "version" "7.16.7"
  dependencies:
    "@babel/helper-plugin-utils" "^7.16.7"

"@babel/plugin-transform-react-jsx-development@^7.16.7":
  "integrity" "sha512-RMvQWvpla+xy6MlBpPlrKZCMRs2AGiHOGHY3xRwl0pEeim348dDyxeH4xBsMPbIMhujeq7ihE702eM2Ew0Wo+A=="
  "resolved" "https://registry.npmjs.org/@babel/plugin-transform-react-jsx-development/-/plugin-transform-react-jsx-development-7.16.7.tgz"
  "version" "7.16.7"
  dependencies:
    "@babel/plugin-transform-react-jsx" "^7.16.7"

"@babel/plugin-transform-react-jsx-self@^7.16.7":
  "integrity" "sha512-oe5VuWs7J9ilH3BCCApGoYjHoSO48vkjX2CbA5bFVhIuO2HKxA3vyF7rleA4o6/4rTDbk6r8hBW7Ul8E+UZrpA=="
  "resolved" "https://registry.npmjs.org/@babel/plugin-transform-react-jsx-self/-/plugin-transform-react-jsx-self-7.16.7.tgz"
  "version" "7.16.7"
  dependencies:
    "@babel/helper-plugin-utils" "^7.16.7"

"@babel/plugin-transform-react-jsx-source@^7.16.7":
  "integrity" "sha512-rONFiQz9vgbsnaMtQlZCjIRwhJvlrPET8TabIUK2hzlXw9B9s2Ieaxte1SCOOXMbWRHodbKixNf3BLcWVOQ8Bw=="
  "resolved" "https://registry.npmjs.org/@babel/plugin-transform-react-jsx-source/-/plugin-transform-react-jsx-source-7.16.7.tgz"
  "version" "7.16.7"
  dependencies:
    "@babel/helper-plugin-utils" "^7.16.7"

"@babel/plugin-transform-react-jsx@^7.16.7":
  "integrity" "sha512-9tjBm4O07f7mzKSIlEmPdiE6ub7kfIe6Cd+w+oQebpATfTQMAgW+YOuWxogbKVTulA+MEO7byMeIUtQ1z+z+ZQ=="
  "resolved" "https://registry.npmjs.org/@babel/plugin-transform-react-jsx/-/plugin-transform-react-jsx-7.17.3.tgz"
  "version" "7.17.3"
  dependencies:
    "@babel/helper-annotate-as-pure" "^7.16.7"
    "@babel/helper-module-imports" "^7.16.7"
    "@babel/helper-plugin-utils" "^7.16.7"
    "@babel/plugin-syntax-jsx" "^7.16.7"
    "@babel/types" "^7.17.0"

"@babel/template@^7.16.7":
  "integrity" "sha512-I8j/x8kHUrbYRTUxXrrMbfCa7jxkE7tZre39x3kjr9hvI82cK1FfqLygotcWN5kdPGWcLdWMHpSBavse5tWw3w=="
  "resolved" "https://registry.npmjs.org/@babel/template/-/template-7.16.7.tgz"
  "version" "7.16.7"
  dependencies:
    "@babel/code-frame" "^7.16.7"
    "@babel/parser" "^7.16.7"
    "@babel/types" "^7.16.7"

"@babel/traverse@^7.17.3":
  "integrity" "sha512-5irClVky7TxRWIRtxlh2WPUUOLhcPN06AGgaQSB8AEwuyEBgJVuJ5imdHm5zxk8w0QS5T+tDfnDxAlhWjpb7cw=="
  "resolved" "https://registry.npmjs.org/@babel/traverse/-/traverse-7.17.3.tgz"
  "version" "7.17.3"
  dependencies:
    "@babel/code-frame" "^7.16.7"
    "@babel/generator" "^7.17.3"
    "@babel/helper-environment-visitor" "^7.16.7"
    "@babel/helper-function-name" "^7.16.7"
    "@babel/helper-hoist-variables" "^7.16.7"
    "@babel/helper-split-export-declaration" "^7.16.7"
    "@babel/parser" "^7.17.3"
    "@babel/types" "^7.17.0"
    "debug" "^4.1.0"
    "globals" "^11.1.0"

"@babel/types@^7.16.7", "@babel/types@^7.17.0":
  "integrity" "sha512-TmKSNO4D5rzhL5bjWFcVHHLETzfQ/AmbKpKPOSjlP0WoHZ6L911fgoOKY4Alp/emzG4cHJdyN49zpgkbXFEHHw=="
  "resolved" "https://registry.npmjs.org/@babel/types/-/types-7.17.0.tgz"
  "version" "7.17.0"
  dependencies:
    "@babel/helper-validator-identifier" "^7.16.7"
    "to-fast-properties" "^2.0.0"

"@jridgewell/resolve-uri@^3.0.3":
  "integrity" "sha512-VPeQ7+wH0itvQxnG+lIzWgkysKIr3L9sslimFW55rHMdGu/qCQ5z5h9zq4gI8uBtqkpHhsF4Z/OwExufUCThew=="
  "resolved" "https://registry.npmjs.org/@jridgewell/resolve-uri/-/resolve-uri-3.0.5.tgz"
  "version" "3.0.5"

"@jridgewell/sourcemap-codec@^1.4.10":
  "integrity" "sha512-Fg32GrJo61m+VqYSdRSjRXMjQ06j8YIYfcTqndLYVAaHmroZHLJZCydsWBOTDqXS2v+mjxohBWEMfg97GXmYQg=="
  "resolved" "https://registry.npmjs.org/@jridgewell/sourcemap-codec/-/sourcemap-codec-1.4.11.tgz"
  "version" "1.4.11"

"@jridgewell/trace-mapping@^0.3.0":
  "integrity" "sha512-vFv9ttIedivx0ux3QSjhgtCVjPZd5l46ZOMDSCwnH1yUO2e964gO8LZGyv2QkqcgR6TnBU1v+1IFqmeoG+0UJQ=="
  "resolved" "https://registry.npmjs.org/@jridgewell/trace-mapping/-/trace-mapping-0.3.4.tgz"
  "version" "0.3.4"
  dependencies:
    "@jridgewell/resolve-uri" "^3.0.3"
    "@jridgewell/sourcemap-codec" "^1.4.10"

"@rollup/plugin-replace@^4.0.0":
  "integrity" "sha512-+rumQFiaNac9y64OHtkHGmdjm7us9bo1PlbgQfdihQtuNxzjpaB064HbRnewUOggLQxVCCyINfStkgmBeQpv1g=="
  "resolved" "https://registry.npmjs.org/@rollup/plugin-replace/-/plugin-replace-4.0.0.tgz"
  "version" "4.0.0"
  dependencies:
    "@rollup/pluginutils" "^3.1.0"
    "magic-string" "^0.25.7"

"@rollup/pluginutils@^3.1.0":
  "integrity" "sha512-GksZ6pr6TpIjHm8h9lSQ8pi8BE9VeubNT0OMJ3B5uZJ8pz73NPiqOtCog/x2/QzM1ENChPKxMDhiQuRHsqc+lg=="
  "resolved" "https://registry.npmjs.org/@rollup/pluginutils/-/pluginutils-3.1.0.tgz"
  "version" "3.1.0"
  dependencies:
    "@types/estree" "0.0.39"
    "estree-walker" "^1.0.1"
    "picomatch" "^2.2.2"

"@rollup/pluginutils@^4.1.2":
  "integrity" "sha512-2WUyJNRkyH5p487pGnn4tWAsxhEFKN/pT8CMgHshd5H+IXkOnKvKZwsz5ZWz+YCXkleZRAU5kwbfgF8CPfDRqA=="
  "resolved" "https://registry.npmjs.org/@rollup/pluginutils/-/pluginutils-4.2.0.tgz"
  "version" "4.2.0"
  dependencies:
    "estree-walker" "^2.0.1"
    "picomatch" "^2.2.2"

"@types/estree@0.0.39":
  "integrity" "sha512-EYNwp3bU+98cpU4lAWYYL7Zz+2gryWH1qbdDTidVd6hkiR6weksdbMadyXKXNPEkQFhXM+hVO9ZygomHXp+AIw=="
  "resolved" "https://registry.npmjs.org/@types/estree/-/estree-0.0.39.tgz"
  "version" "0.0.39"

"@vitejs/plugin-react@^1.2.0":
  "integrity" "sha512-Rywwt0IXXg6yQ0hv3cMT3mtdDcGIw31mGaa+MMMAT651LhoXLF2yFy4LrakiTs7UKs7RPBo9eNgaS8pgl2A6Qw=="
  "resolved" "https://registry.npmjs.org/@vitejs/plugin-react/-/plugin-react-1.2.0.tgz"
  "version" "1.2.0"
  dependencies:
    "@babel/core" "^7.16.12"
    "@babel/plugin-transform-react-jsx" "^7.16.7"
    "@babel/plugin-transform-react-jsx-development" "^7.16.7"
    "@babel/plugin-transform-react-jsx-self" "^7.16.7"
    "@babel/plugin-transform-react-jsx-source" "^7.16.7"
    "@rollup/pluginutils" "^4.1.2"
    "react-refresh" "^0.11.0"
    "resolve" "^1.22.0"

"ansi-styles@^3.2.1":
  "integrity" "sha512-VT0ZI6kZRdTh8YyJw3SMbYm/u+NqfsAxEpWO0Pf9sq8/e94WxxOpPKx9FR1FlyCtOVDNOQ+8ntlqFxiRc+r5qA=="
  "resolved" "https://registry.npmjs.org/ansi-styles/-/ansi-styles-3.2.1.tgz"
  "version" "3.2.1"
  dependencies:
    "color-convert" "^1.9.0"

"browserslist@^4.17.5":
  "integrity" "sha512-u2tbbG5PdKRTUoctO3NBD8FQ5HdPh1ZXPHzp1rwaa5jTc+RV9/+RlWiAIKmjRPQF+xbGM9Kklj5bZQFa2s/38A=="
  "resolved" "https://registry.npmjs.org/browserslist/-/browserslist-4.19.1.tgz"
  "version" "4.19.1"
  dependencies:
    "caniuse-lite" "^1.0.30001286"
    "electron-to-chromium" "^1.4.17"
    "escalade" "^3.1.1"
    "node-releases" "^2.0.1"
    "picocolors" "^1.0.0"

"caniuse-lite@^1.0.30001286":
  "integrity" "sha512-LiMlrs1nSKZ8qkNhpUf5KD0Al1KCBE3zaT7OLOwEkagXMEDij98SiOovn9wxVGQpklk9vVC/pUSqgYmkmKOS8g=="
  "resolved" "https://registry.npmjs.org/caniuse-lite/-/caniuse-lite-1.0.30001294.tgz"
  "version" "1.0.30001294"

"chalk@^2.0.0":
  "integrity" "sha512-Mti+f9lpJNcwF4tWV8/OrTTtF1gZi+f8FqlyAdouralcFWFQWF2+NgCHShjkCb+IFBLq9buZwE1xckQU4peSuQ=="
  "resolved" "https://registry.npmjs.org/chalk/-/chalk-2.4.2.tgz"
  "version" "2.4.2"
  dependencies:
    "ansi-styles" "^3.2.1"
    "escape-string-regexp" "^1.0.5"
    "supports-color" "^5.3.0"

"color-convert@^1.9.0":
  "integrity" "sha512-QfAUtd+vFdAtFQcC8CCyYt1fYWxSqAiK2cSD6zDB8N3cpsEBAvRxp9zOGg6G/SHHJYAT88/az/IuDGALsNVbGg=="
  "resolved" "https://registry.npmjs.org/color-convert/-/color-convert-1.9.3.tgz"
  "version" "1.9.3"
  dependencies:
    "color-name" "1.1.3"

"color-name@1.1.3":
  "integrity" "sha1-p9BVi9icQveV3UIyj3QIMcpTvCU="
  "resolved" "https://registry.npmjs.org/color-name/-/color-name-1.1.3.tgz"
  "version" "1.1.3"

"convert-source-map@^1.7.0":
  "integrity" "sha512-+OQdjP49zViI/6i7nIJpA8rAl4sV/JdPfU9nZs3VqOwGIgizICvuN2ru6fMd+4llL0tar18UYJXfZ/TWtmhUjA=="
  "resolved" "https://registry.npmjs.org/convert-source-map/-/convert-source-map-1.8.0.tgz"
  "version" "1.8.0"
  dependencies:
    "safe-buffer" "~5.1.1"

"debug@^4.1.0":
  "integrity" "sha512-/zxw5+vh1Tfv+4Qn7a5nsbcJKPaSvCDhojn6FEl9vupwK2VCSDtEiEtqr8DFtzYFOdz63LBkxec7DYuc2jon6Q=="
  "resolved" "https://registry.npmjs.org/debug/-/debug-4.3.3.tgz"
  "version" "4.3.3"
  dependencies:
    "ms" "2.1.2"

"electron-to-chromium@^1.4.17":
  "integrity" "sha512-N2Jbwxo5Rum8G2YXeUxycs1sv4Qme/ry71HG73bv8BvZl+I/4JtRgK/En+ST/Wh/yF1fqvVCY4jZBgMxnhjtBA=="
  "resolved" "https://registry.npmjs.org/electron-to-chromium/-/electron-to-chromium-1.4.29.tgz"
  "version" "1.4.29"

"esbuild-darwin-arm64@0.14.27":
  "integrity" "sha512-BEsv2U2U4o672oV8+xpXNxN9bgqRCtddQC6WBh4YhXKDcSZcdNh7+6nS+DM2vu7qWIWNA4JbRG24LUUYXysimQ=="
  "resolved" "https://registry.npmjs.org/esbuild-darwin-arm64/-/esbuild-darwin-arm64-0.14.27.tgz"
  "version" "0.14.27"

"esbuild@^0.14.14":
  "integrity" "sha512-MZQt5SywZS3hA9fXnMhR22dv0oPGh6QtjJRIYbgL1AeqAoQZE+Qn5ppGYQAoHv/vq827flj4tIJ79Mrdiwk46Q=="
  "resolved" "https://registry.npmjs.org/esbuild/-/esbuild-0.14.27.tgz"
  "version" "0.14.27"
  optionalDependencies:
    "esbuild-android-64" "0.14.27"
    "esbuild-android-arm64" "0.14.27"
    "esbuild-darwin-64" "0.14.27"
    "esbuild-darwin-arm64" "0.14.27"
    "esbuild-freebsd-64" "0.14.27"
    "esbuild-freebsd-arm64" "0.14.27"
    "esbuild-linux-32" "0.14.27"
    "esbuild-linux-64" "0.14.27"
    "esbuild-linux-arm" "0.14.27"
    "esbuild-linux-arm64" "0.14.27"
    "esbuild-linux-mips64le" "0.14.27"
    "esbuild-linux-ppc64le" "0.14.27"
    "esbuild-linux-riscv64" "0.14.27"
    "esbuild-linux-s390x" "0.14.27"
    "esbuild-netbsd-64" "0.14.27"
    "esbuild-openbsd-64" "0.14.27"
    "esbuild-sunos-64" "0.14.27"
    "esbuild-windows-32" "0.14.27"
    "esbuild-windows-64" "0.14.27"
    "esbuild-windows-arm64" "0.14.27"

"escalade@^3.1.1":
  "integrity" "sha512-k0er2gUkLf8O0zKJiAhmkTnJlTvINGv7ygDNPbeIsX/TJjGJZHuh9B2UxbsaEkmlEo9MfhrSzmhIlhRlI2GXnw=="
  "resolved" "https://registry.npmjs.org/escalade/-/escalade-3.1.1.tgz"
  "version" "3.1.1"

"escape-string-regexp@^1.0.5":
  "integrity" "sha1-G2HAViGQqN/2rjuyzwIAyhMLhtQ="
  "resolved" "https://registry.npmjs.org/escape-string-regexp/-/escape-string-regexp-1.0.5.tgz"
  "version" "1.0.5"

"estree-walker@^1.0.1":
  "integrity" "sha512-1fMXF3YP4pZZVozF8j/ZLfvnR8NSIljt56UhbZ5PeeDmmGHpgpdwQt7ITlGvYaQukCvuBRMLEiKiYC+oeIg4cg=="
  "resolved" "https://registry.npmjs.org/estree-walker/-/estree-walker-1.0.1.tgz"
  "version" "1.0.1"

"estree-walker@^2.0.1":
  "integrity" "sha512-Rfkk/Mp/DL7JVje3u18FxFujQlTNR2q6QfMSMB7AvCBx91NGj/ba3kCfza0f6dVDbw7YlRf/nDrn7pQrCCyQ/w=="
  "resolved" "https://registry.npmjs.org/estree-walker/-/estree-walker-2.0.2.tgz"
  "version" "2.0.2"

"fsevents@~2.3.2":
  "integrity" "sha512-xiqMQR4xAeHTuB9uWm+fFRcIOgKBMiOBP+eXiyT7jsgVCq1bkVygt00oASowB7EdtpOHaaPgKt812P9ab+DDKA=="
  "resolved" "https://registry.npmjs.org/fsevents/-/fsevents-2.3.2.tgz"
  "version" "2.3.2"

"function-bind@^1.1.1":
  "integrity" "sha512-yIovAzMX49sF8Yl58fSCWJ5svSLuaibPxXQJFLmBObTuCr0Mf1KiPopGM9NiFjiYBCbfaa2Fh6breQ6ANVTI0A=="
  "resolved" "https://registry.npmjs.org/function-bind/-/function-bind-1.1.1.tgz"
  "version" "1.1.1"

"gensync@^1.0.0-beta.2":
  "integrity" "sha512-3hN7NaskYvMDLQY55gnW3NQ+mesEAepTqlg+VEbj7zzqEMBVNhzcGYYeqFo/TlYz6eQiFcp1HcsCZO+nGgS8zg=="
  "resolved" "https://registry.npmjs.org/gensync/-/gensync-1.0.0-beta.2.tgz"
  "version" "1.0.0-beta.2"

"globals@^11.1.0":
  "integrity" "sha512-WOBp/EEGUiIsJSp7wcv/y6MO+lV9UoncWqxuFfm8eBwzWNgyfBd6Gz+IeKQ9jCmyhoH99g15M3T+QaVHFjizVA=="
  "resolved" "https://registry.npmjs.org/globals/-/globals-11.12.0.tgz"
  "version" "11.12.0"

"has-flag@^3.0.0":
  "integrity" "sha1-tdRU3CGZriJWmfNGfloH87lVuv0="
  "resolved" "https://registry.npmjs.org/has-flag/-/has-flag-3.0.0.tgz"
  "version" "3.0.0"

"has@^1.0.3":
  "integrity" "sha512-f2dvO0VU6Oej7RkWJGrehjbzMAjFp5/VKPp5tTpWIV4JHHZK1/BxbFRtf/siA2SWTe09caDmVtYYzWEIbBS4zw=="
  "resolved" "https://registry.npmjs.org/has/-/has-1.0.3.tgz"
  "version" "1.0.3"
  dependencies:
    "function-bind" "^1.1.1"

"is-core-module@^2.8.1":
  "integrity" "sha512-SdNCUs284hr40hFTFP6l0IfZ/RSrMXF3qgoRHd3/79unUTvrFO/JoXwkGm+5J/Oe3E/b5GsnG330uUNgRpu1PA=="
  "resolved" "https://registry.npmjs.org/is-core-module/-/is-core-module-2.8.1.tgz"
  "version" "2.8.1"
  dependencies:
    "has" "^1.0.3"

"js-tokens@^3.0.0 || ^4.0.0", "js-tokens@^4.0.0":
  "integrity" "sha512-RdJUflcE3cUzKiMqQgsCu06FPu9UdIJO0beYbPhHN4k6apgJtifcoCtT9bcxOpYBtpD2kCM6Sbzg4CausW/PKQ=="
  "resolved" "https://registry.npmjs.org/js-tokens/-/js-tokens-4.0.0.tgz"
  "version" "4.0.0"

"jsesc@^2.5.1":
  "integrity" "sha512-OYu7XEzjkCQ3C5Ps3QIZsQfNpqoJyZZA99wd9aWd05NCtC5pWOkShK2mkL6HXQR6/Cy2lbNdPlZBpuQHXE63gA=="
  "resolved" "https://registry.npmjs.org/jsesc/-/jsesc-2.5.2.tgz"
  "version" "2.5.2"

"json5@^2.1.2":
  "integrity" "sha512-f+8cldu7X/y7RAJurMEJmdoKXGB/X550w2Nr3tTbezL6RwEE/iMcm+tZnXeoZtKuOq6ft8+CqzEkrIgx1fPoQA=="
  "resolved" "https://registry.npmjs.org/json5/-/json5-2.2.0.tgz"
  "version" "2.2.0"
  dependencies:
    "minimist" "^1.2.5"

"loose-envify@^1.1.0":
  "integrity" "sha512-lyuxPGr/Wfhrlem2CL/UcnUc1zcqKAImBDzukY7Y5F/yQiNdko6+fRLevlw1HgMySw7f611UIY408EtxRSoK3Q=="
  "resolved" "https://registry.npmjs.org/loose-envify/-/loose-envify-1.4.0.tgz"
  "version" "1.4.0"
  dependencies:
    "js-tokens" "^3.0.0 || ^4.0.0"

"magic-string@^0.25.7":
  "integrity" "sha512-4CrMT5DOHTDk4HYDlzmwu4FVCcIYI8gauveasrdCu2IKIFOJ3f0v/8MDGJCDL9oD2ppz/Av1b0Nj345H9M+XIA=="
  "resolved" "https://registry.npmjs.org/magic-string/-/magic-string-0.25.7.tgz"
  "version" "0.25.7"
  dependencies:
    "sourcemap-codec" "^1.4.4"

"minimist@^1.2.5":
  "integrity" "sha512-FM9nNUYrRBAELZQT3xeZQ7fmMOBg6nWNmJKTcgsJeaLstP/UODVpGsr5OhXhhXg6f+qtJ8uiZ+PUxkDWcgIXLw=="
  "resolved" "https://registry.npmjs.org/minimist/-/minimist-1.2.5.tgz"
  "version" "1.2.5"

"ms@2.1.2":
  "integrity" "sha512-sGkPx+VjMtmA6MX27oA4FBFELFCZZ4S4XqeGOXCv68tT+jb3vk/RyaKWP0PTKyWtmLSM0b+adUTEvbs1PEaH2w=="
  "resolved" "https://registry.npmjs.org/ms/-/ms-2.1.2.tgz"
  "version" "2.1.2"

"nanoid@^3.3.1":
  "integrity" "sha512-n6Vs/3KGyxPQd6uO0eH4Bv0ojGSUvuLlIHtC3Y0kEO23YRge8H9x1GCzLn28YX0H66pMkxuaeESFq4tKISKwdw=="
  "resolved" "https://registry.npmjs.org/nanoid/-/nanoid-3.3.1.tgz"
  "version" "3.3.1"

"node-releases@^2.0.1":
  "integrity" "sha512-CqyzN6z7Q6aMeF/ktcMVTzhAHCEpf8SOarwpzpf8pNBY2k5/oM34UHldUwp8VKI7uxct2HxSRdJjBaZeESzcxA=="
  "resolved" "https://registry.npmjs.org/node-releases/-/node-releases-2.0.1.tgz"
  "version" "2.0.1"

"object-assign@^4.1.1":
  "integrity" "sha1-IQmtx5ZYh8/AXLvUQsrIv7s2CGM="
  "resolved" "https://registry.npmjs.org/object-assign/-/object-assign-4.1.1.tgz"
  "version" "4.1.1"

"path-parse@^1.0.7":
  "integrity" "sha512-LDJzPVEEEPR+y48z93A0Ed0yXb8pAByGWo/k5YYdYgpY2/2EsOsksJrq7lOHxryrVOn1ejG6oAp8ahvOIQD8sw=="
  "resolved" "https://registry.npmjs.org/path-parse/-/path-parse-1.0.7.tgz"
  "version" "1.0.7"

"picocolors@^1.0.0":
  "integrity" "sha512-1fygroTLlHu66zi26VoTDv8yRgm0Fccecssto+MhsZ0D/DGW2sm8E8AjW7NU5VVTRt5GxbeZ5qBuJr+HyLYkjQ=="
  "resolved" "https://registry.npmjs.org/picocolors/-/picocolors-1.0.0.tgz"
  "version" "1.0.0"

"picomatch@^2.2.2":
  "integrity" "sha512-lY1Q/PiJGC2zOv/z391WOTD+Z02bCgsFfvxoXXf6h7kv9o+WmsmzYqrAwY63sNgOxE4xEdq0WyUnXfKeBrSvYw=="
  "resolved" "https://registry.npmjs.org/picomatch/-/picomatch-2.3.0.tgz"
  "version" "2.3.0"

"postcss@^8.4.6":
  "integrity" "sha512-lg6eITwYe9v6Hr5CncVbK70SoioNQIq81nsaG86ev5hAidQvmOeETBqs7jm43K2F5/Ley3ytDtriImV6TpNiSg=="
  "resolved" "https://registry.npmjs.org/postcss/-/postcss-8.4.12.tgz"
  "version" "8.4.12"
  dependencies:
    "nanoid" "^3.3.1"
    "picocolors" "^1.0.0"
    "source-map-js" "^1.0.2"

"react-dom@^17.0.2":
  "integrity" "sha512-s4h96KtLDUQlsENhMn1ar8t2bEa+q/YAtj8pPPdIjPDGBDIVNsrD9aXNWqspUe6AzKCIG0C1HZZLqLV7qpOBGA=="
  "resolved" "https://registry.npmjs.org/react-dom/-/react-dom-17.0.2.tgz"
  "version" "17.0.2"
  dependencies:
    "loose-envify" "^1.1.0"
    "object-assign" "^4.1.1"
    "scheduler" "^0.20.2"

"react-refresh@^0.11.0":
  "integrity" "sha512-F27qZr8uUqwhWZboondsPx8tnC3Ct3SxZA3V5WyEvujRyyNv0VYPhoBg1gZ8/MV5tubQp76Trw8lTv9hzRBa+A=="
  "resolved" "https://registry.npmjs.org/react-refresh/-/react-refresh-0.11.0.tgz"
  "version" "0.11.0"

"react@^17.0.2", "react@17.0.2":
  "integrity" "sha512-gnhPt75i/dq/z3/6q/0asP78D0u592D5L1pd7M8P+dck6Fu/jJeL6iVVK23fptSUZj8Vjf++7wXA8UNclGQcbA=="
  "resolved" "https://registry.npmjs.org/react/-/react-17.0.2.tgz"
  "version" "17.0.2"
  dependencies:
    "loose-envify" "^1.1.0"
    "object-assign" "^4.1.1"

"resolve@^1.22.0":
  "integrity" "sha512-Hhtrw0nLeSrFQ7phPp4OOcVjLPIeMnRlr5mcnVuMe7M/7eBn98A3hmFRLoFo3DLZkivSYwhRUJTyPyWAk56WLw=="
  "resolved" "https://registry.npmjs.org/resolve/-/resolve-1.22.0.tgz"
  "version" "1.22.0"
  dependencies:
    "is-core-module" "^2.8.1"
    "path-parse" "^1.0.7"
    "supports-preserve-symlinks-flag" "^1.0.0"

"rollup@^1.20.0 || ^2.0.0", "rollup@^1.20.0||^2.0.0", "rollup@^2.59.0":
  "integrity" "sha512-cJEQq2gwB0GWMD3rYImefQTSjrPYaC6s4J9pYqnstVLJ1CHa/aZNVkD4Epuvg4iLeMA4KRiq7UM7awKK6j7jcw=="
  "resolved" "https://registry.npmjs.org/rollup/-/rollup-2.62.0.tgz"
  "version" "2.62.0"
  optionalDependencies:
    "fsevents" "~2.3.2"

"safe-buffer@~5.1.1":
  "integrity" "sha512-Gd2UZBJDkXlY7GbJxfsE8/nvKkUEU1G38c1siN6QP6a9PT9MmHB8GnpscSmMJSoF8LOIrt8ud/wPtojys4G6+g=="
  "resolved" "https://registry.npmjs.org/safe-buffer/-/safe-buffer-5.1.2.tgz"
  "version" "5.1.2"

"scheduler@^0.20.2":
  "integrity" "sha512-2eWfGgAqqWFGqtdMmcL5zCMK1U8KlXv8SQFGglL3CEtd0aDVDWgeF/YoCmvln55m5zSk3J/20hTaSBeSObsQDQ=="
  "resolved" "https://registry.npmjs.org/scheduler/-/scheduler-0.20.2.tgz"
  "version" "0.20.2"
  dependencies:
    "loose-envify" "^1.1.0"
    "object-assign" "^4.1.1"

"semver@^6.3.0":
  "integrity" "sha512-b39TBaTSfV6yBrapU89p5fKekE2m/NwnDocOVruQFS1/veMgdzuPcnOM34M6CwxW8jH/lxEa5rBoDeUwu5HHTw=="
  "resolved" "https://registry.npmjs.org/semver/-/semver-6.3.0.tgz"
  "version" "6.3.0"

"source-map-js@^1.0.2":
  "integrity" "sha512-R0XvVJ9WusLiqTCEiGCmICCMplcCkIwwR11mOSD9CR5u+IXYdiseeEuXCVAjS54zqwkLcPNnmU4OeJ6tUrWhDw=="
  "resolved" "https://registry.npmjs.org/source-map-js/-/source-map-js-1.0.2.tgz"
  "version" "1.0.2"

"source-map@^0.5.0":
  "integrity" "sha1-igOdLRAh0i0eoUyA2OpGi6LvP8w="
  "resolved" "https://registry.npmjs.org/source-map/-/source-map-0.5.7.tgz"
  "version" "0.5.7"

"sourcemap-codec@^1.4.4":
  "integrity" "sha512-9NykojV5Uih4lgo5So5dtw+f0JgJX30KCNI8gwhz2J9A15wD0Ml6tjHKwf6fTSa6fAdVBdZeNOs9eJ71qCk8vA=="
  "resolved" "https://registry.npmjs.org/sourcemap-codec/-/sourcemap-codec-1.4.8.tgz"
  "version" "1.4.8"

"supports-color@^5.3.0":
  "integrity" "sha512-QjVjwdXIt408MIiAqCX4oUKsgU2EqAGzs2Ppkm4aQYbjm+ZEWEcW4SfFNTr4uMNZma0ey4f5lgLrkB0aX0QMow=="
  "resolved" "https://registry.npmjs.org/supports-color/-/supports-color-5.5.0.tgz"
  "version" "5.5.0"
  dependencies:
    "has-flag" "^3.0.0"

"supports-preserve-symlinks-flag@^1.0.0":
  "integrity" "sha512-ot0WnXS9fgdkgIcePe6RHNk1WA8+muPa6cSjeR3V8K27q9BB1rTE3R1p7Hv0z1ZyAc8s6Vvv8DIyWf681MAt0w=="
  "resolved" "https://registry.npmjs.org/supports-preserve-symlinks-flag/-/supports-preserve-symlinks-flag-1.0.0.tgz"
  "version" "1.0.0"

"to-fast-properties@^2.0.0":
  "integrity" "sha1-3F5pjL0HkmW8c+A3doGk5Og/YW4="
  "resolved" "https://registry.npmjs.org/to-fast-properties/-/to-fast-properties-2.0.0.tgz"
  "version" "2.0.0"

"vite@^2.8.6":
  "integrity" "sha512-e4H0QpludOVKkmOsRyqQ7LTcMUDF3mcgyNU4lmi0B5JUbe0ZxeBBl8VoZ8Y6Rfn9eFKYtdXNPcYK97ZwH+K2ug=="
  "resolved" "https://registry.npmjs.org/vite/-/vite-2.8.6.tgz"
  "version" "2.8.6"
  dependencies:
    "esbuild" "^0.14.14"
    "postcss" "^8.4.6"
    "resolve" "^1.22.0"
    "rollup" "^2.59.0"
  optionalDependencies:
    "fsevents" "~2.3.2"
